PODS:
  - KIF (3.1.2):
    - KIF/XCTest (= 3.1.2)
  - KIF/XCTest (3.1.2)
  - ScrollingBars (0.1.1)

DEPENDENCIES:
  - KIF (~> 3.0)
  - ScrollingBars (from `..`)

EXTERNAL SOURCES:
  ScrollingBars:
    :path: ..

SPEC CHECKSUMS:
  KIF: 068074b24dd455025e7f2a488ba4fb07b9ce047b
  ScrollingBars: ae558d6c8bf73984f61514dddb3fe76bd9fe563b

COCOAPODS: 0.36.0.beta.1
