// !$*UTF8*$!
{
	archiveVersion = 1;
	classes = {
	};
	objectVersion = 46;
	objects = {

/* Begin PBXBuildFile section */
		0994D8121A5BF69B0067D60B /* AppDelegate.swift in Sources */ = {isa = PBXBuildFile; fileRef = 0994D8111A5BF69B0067D60B /* AppDelegate.swift */; };
		0994D8141A5BF69B0067D60B /* ViewController.swift in Sources */ = {isa = PBXBuildFile; fileRef = 0994D8131A5BF69B0067D60B /* ViewController.swift */; };
		0994D8171A5BF69B0067D60B /* Main.storyboard in Resources */ = {isa = PBXBuildFile; fileRef = 0994D8151A5BF69B0067D60B /* Main.storyboard */; };
		0994D8191A5BF69B0067D60B /* Images.xcassets in Resources */ = {isa = PBXBuildFile; fileRef = 0994D8181A5BF69B0067D60B /* Images.xcassets */; };
		0994D81C1A5BF69B0067D60B /* LaunchScreen.xib in Resources */ = {isa = PBXBuildFile; fileRef = 0994D81A1A5BF69B0067D60B /* LaunchScreen.xib */; };
		0994D8281A5BF69B0067D60B /* ScrollingBarsExampleTests.swift in Sources */ = {isa = PBXBuildFile; fileRef = 0994D8271A5BF69B0067D60B /* ScrollingBarsExampleTests.swift */; };
/* End PBXBuildFile section */

/* Begin PBXContainerItemProxy section */
		0994D8221A5BF69B0067D60B /* PBXContainerItemProxy */ = {
			isa = PBXContainerItemProxy;
			containerPortal = 0994D8041A5BF69B0067D60B /* Project object */;
			proxyType = 1;
			remoteGlobalIDString = 0994D80B1A5BF69B0067D60B;
			remoteInfo = ScrollingBarsExample;
		};
/* End PBXContainerItemProxy section */

/* Begin PBXFileReference section */
		0994D80C1A5BF69B0067D60B /* ScrollingBarsExample.app */ = {isa = PBXFileReference; explicitFileType = wrapper.application; includeInIndex = 0; path = ScrollingBarsExample.app; sourceTree = BUILT_PRODUCTS_DIR; };
		0994D8101A5BF69B0067D60B /* Info.plist */ = {isa = PBXFileReference; lastKnownFileType = text.plist.xml; path = Info.plist; sourceTree = "<group>"; };
		0994D8111A5BF69B0067D60B /* AppDelegate.swift */ = {isa = PBXFileReference; lastKnownFileType = sourcecode.swift; path = AppDelegate.swift; sourceTree = "<group>"; };
		0994D8131A5BF69B0067D60B /* ViewController.swift */ = {isa = PBXFileReference; lastKnownFileType = sourcecode.swift; path = ViewController.swift; sourceTree = "<group>"; };
		0994D8161A5BF69B0067D60B /* Base */ = {isa = PBXFileReference; lastKnownFileType = file.storyboard; name = Base; path = Base.lproj/Main.storyboard; sourceTree = "<group>"; };
		0994D8181A5BF69B0067D60B /* Images.xcassets */ = {isa = PBXFileReference; lastKnownFileType = folder.assetcatalog; path = Images.xcassets; sourceTree = "<group>"; };
		0994D81B1A5BF69B0067D60B /* Base */ = {isa = PBXFileReference; lastKnownFileType = file.xib; name = Base; path = Base.lproj/LaunchScreen.xib; sourceTree = "<group>"; };
		0994D8211A5BF69B0067D60B /* ScrollingBarsExampleTests.xctest */ = {isa = PBXFileReference; explicitFileType = wrapper.cfbundle; includeInIndex = 0; path = ScrollingBarsExampleTests.xctest; sourceTree = BUILT_PRODUCTS_DIR; };
		0994D8261A5BF69B0067D60B /* Info.plist */ = {isa = PBXFileReference; lastKnownFileType = text.plist.xml; path = Info.plist; sourceTree = "<group>"; };
		0994D8271A5BF69B0067D60B /* ScrollingBarsExampleTests.swift */ = {isa = PBXFileReference; lastKnownFileType = sourcecode.swift; path = ScrollingBarsExampleTests.swift; sourceTree = "<group>"; };
		71348B6E278E0DB0E84EE601 /* Pods.framework */ = {isa = PBXFileReference; explicitFileType = wrapper.framework; includeInIndex = 0; path = Pods.framework; sourceTree = BUILT_PRODUCTS_DIR; };
		94E506A9128049249B570F15 /* Pods.release.xcconfig */ = {isa = PBXFileReference; includeInIndex = 1; lastKnownFileType = text.xcconfig; name = Pods.release.xcconfig; path = "Pods/Target Support Files/Pods/Pods.release.xcconfig"; sourceTree = "<group>"; };
		C4EA102652EB2747567CA7F7 /* Pods.debug.xcconfig */ = {isa = PBXFileReference; includeInIndex = 1; lastKnownFileType = text.xcconfig; name = Pods.debug.xcconfig; path = "Pods/Target Support Files/Pods/Pods.debug.xcconfig"; sourceTree = "<group>"; };
		CD6231B7A8BAF68DDDC46597 /* libPods.a */ = {isa = PBXFileReference; explicitFileType = archive.ar; includeInIndex = 0; path = libPods.a; sourceTree = BUILT_PRODUCTS_DIR; };
/* End PBXFileReference section */

/* Begin PBXFrameworksBuildPhase section */
		0994D8091A5BF69B0067D60B /* Frameworks */ = {
			isa = PBXFrameworksBuildPhase;
			buildActionMask = 2147483647;
			files = (
			);
			runOnlyForDeploymentPostprocessing = 0;
		};
		0994D81E1A5BF69B0067D60B /* Frameworks */ = {
			isa = PBXFrameworksBuildPhase;
			buildActionMask = 2147483647;
			files = (
			);
			runOnlyForDeploymentPostprocessing = 0;
		};
/* End PBXFrameworksBuildPhase section */

/* Begin PBXGroup section */
		0994D8031A5BF69B0067D60B = {
			isa = PBXGroup;
			children = (
				0994D80E1A5BF69B0067D60B /* ScrollingBarsExample */,
				0994D8241A5BF69B0067D60B /* ScrollingBarsExampleTests */,
				0994D80D1A5BF69B0067D60B /* Products */,
				6FF09B47FD092C83A37F7BEF /* Pods */,
				A8E92F352D64F5BD307019BA /* Frameworks */,
			);
			sourceTree = "<group>";
		};
		0994D80D1A5BF69B0067D60B /* Products */ = {
			isa = PBXGroup;
			children = (
				0994D80C1A5BF69B0067D60B /* ScrollingBarsExample.app */,
				0994D8211A5BF69B0067D60B /* ScrollingBarsExampleTests.xctest */,
			);
			name = Products;
			sourceTree = "<group>";
		};
		0994D80E1A5BF69B0067D60B /* ScrollingBarsExample */ = {
			isa = PBXGroup;
			children = (
				0994D8111A5BF69B0067D60B /* AppDelegate.swift */,
				0994D8131A5BF69B0067D60B /* ViewController.swift */,
				0994D8151A5BF69B0067D60B /* Main.storyboard */,
				0994D8181A5BF69B0067D60B /* Images.xcassets */,
				0994D81A1A5BF69B0067D60B /* LaunchScreen.xib */,
				0994D80F1A5BF69B0067D60B /* Supporting Files */,
			);
			path = ScrollingBarsExample;
			sourceTree = "<group>";
		};
		0994D80F1A5BF69B0067D60B /* Supporting Files */ = {
			isa = PBXGroup;
			children = (
				0994D8101A5BF69B0067D60B /* Info.plist */,
			);
			name = "Supporting Files";
			sourceTree = "<group>";
		};
		0994D8241A5BF69B0067D60B /* ScrollingBarsExampleTests */ = {
			isa = PBXGroup;
			children = (
				0994D8271A5BF69B0067D60B /* ScrollingBarsExampleTests.swift */,
				0994D8251A5BF69B0067D60B /* Supporting Files */,
			);
			path = ScrollingBarsExampleTests;
			sourceTree = "<group>";
		};
		0994D8251A5BF69B0067D60B /* Supporting Files */ = {
			isa = PBXGroup;
			children = (
				0994D8261A5BF69B0067D60B /* Info.plist */,
			);
			name = "Supporting Files";
			sourceTree = "<group>";
		};
		6FF09B47FD092C83A37F7BEF /* Pods */ = {
			isa = PBXGroup;
			children = (
				C4EA102652EB2747567CA7F7 /* Pods.debug.xcconfig */,
				94E506A9128049249B570F15 /* Pods.release.xcconfig */,
			);
			name = Pods;
			sourceTree = "<group>";
		};
		A8E92F352D64F5BD307019BA /* Frameworks */ = {
			isa = PBXGroup;
			children = (
				71348B6E278E0DB0E84EE601 /* Pods.framework */,
				CD6231B7A8BAF68DDDC46597 /* libPods.a */,
			);
			name = Frameworks;
			sourceTree = "<group>";
		};
/* End PBXGroup section */

/* Begin PBXNativeTarget section */
		0994D80B1A5BF69B0067D60B /* ScrollingBarsExample */ = {
			isa = PBXNativeTarget;
			buildConfigurationList = 0994D82B1A5BF69B0067D60B /* Build configuration list for PBXNativeTarget "ScrollingBarsExample" */;
			buildPhases = (
				DBE8B95E8631A169CAAF490A /* Check Pods Manifest.lock */,
				0994D8081A5BF69B0067D60B /* Sources */,
				0994D8091A5BF69B0067D60B /* Frameworks */,
				0994D80A1A5BF69B0067D60B /* Resources */,
				3741A40899AC3032A93B1347 /* Embed Pods Frameworks */,
				C322C09ED056384DC14BD17C /* Copy Pods Resources */,
			);
			buildRules = (
			);
			dependencies = (
			);
			name = ScrollingBarsExample;
			productName = ScrollingBarsExample;
			productReference = 0994D80C1A5BF69B0067D60B /* ScrollingBarsExample.app */;
			productType = "com.apple.product-type.application";
		};
		0994D8201A5BF69B0067D60B /* ScrollingBarsExampleTests */ = {
			isa = PBXNativeTarget;
			buildConfigurationList = 0994D82E1A5BF69B0067D60B /* Build configuration list for PBXNativeTarget "ScrollingBarsExampleTests" */;
			buildPhases = (
				0994D81D1A5BF69B0067D60B /* Sources */,
				0994D81E1A5BF69B0067D60B /* Frameworks */,
				0994D81F1A5BF69B0067D60B /* Resources */,
			);
			buildRules = (
			);
			dependencies = (
				0994D8231A5BF69B0067D60B /* PBXTargetDependency */,
			);
			name = ScrollingBarsExampleTests;
			productName = ScrollingBarsExampleTests;
			productReference = 0994D8211A5BF69B0067D60B /* ScrollingBarsExampleTests.xctest */;
			productType = "com.apple.product-type.bundle.unit-test";
		};
/* End PBXNativeTarget section */

/* Begin PBXProject section */
		0994D8041A5BF69B0067D60B /* Project object */ = {
			isa = PBXProject;
			attributes = {
				LastUpgradeCheck = 0610;
				ORGANIZATIONNAME = "Hori Taisuke";
				TargetAttributes = {
					0994D80B1A5BF69B0067D60B = {
						CreatedOnToolsVersion = 6.1.1;
					};
					0994D8201A5BF69B0067D60B = {
						CreatedOnToolsVersion = 6.1.1;
						TestTargetID = 0994D80B1A5BF69B0067D60B;
					};
				};
			};
			buildConfigurationList = 0994D8071A5BF69B0067D60B /* Build configuration list for PBXProject "ScrollingBarsExample" */;
			compatibilityVersion = "Xcode 3.2";
			developmentRegion = English;
			hasScannedForEncodings = 0;
			knownRegions = (
				en,
				Base,
			);
			mainGroup = 0994D8031A5BF69B0067D60B;
			productRefGroup = 0994D80D1A5BF69B0067D60B /* Products */;
			projectDirPath = "";
			projectRoot = "";
			targets = (
				0994D80B1A5BF69B0067D60B /* ScrollingBarsExample */,
				0994D8201A5BF69B0067D60B /* ScrollingBarsExampleTests */,
			);
		};
/* End PBXProject section */

/* Begin PBXResourcesBuildPhase section */
		0994D80A1A5BF69B0067D60B /* Resources */ = {
			isa = PBXResourcesBuildPhase;
			buildActionMask = 2147483647;
			files = (
				0994D8171A5BF69B0067D60B /* Main.storyboard in Resources */,
				0994D81C1A5BF69B0067D60B /* LaunchScreen.xib in Resources */,
				0994D8191A5BF69B0067D60B /* Images.xcassets in Resources */,
			);
			runOnlyForDeploymentPostprocessing = 0;
		};
		0994D81F1A5BF69B0067D60B /* Resources */ = {
			isa = PBXResourcesBuildPhase;
			buildActionMask = 2147483647;
			files = (
			);
			runOnlyForDeploymentPostprocessing = 0;
		};
/* End PBXResourcesBuildPhase section */

/* Begin PBXShellScriptBuildPhase section */
		3741A40899AC3032A93B1347 /* Embed Pods Frameworks */ = {
			isa = PBXShellScriptBuildPhase;
			buildActionMask = 2147483647;
			files = (
			);
			inputPaths = (
			);
			name = "Embed Pods Frameworks";
			outputPaths = (
			);
			runOnlyForDeploymentPostprocessing = 0;
			shellPath = /bin/sh;
			shellScript = "\"${SRCROOT}/Pods/Target Support Files/Pods/Pods-frameworks.sh\"\n";
			showEnvVarsInLog = 0;
		};
		C322C09ED056384DC14BD17C /* Copy Pods Resources */ = {
			isa = PBXShellScriptBuildPhase;
			buildActionMask = 2147483647;
			files = (
			);
			inputPaths = (
			);
			name = "Copy Pods Resources";
			outputPaths = (
			);
			runOnlyForDeploymentPostprocessing = 0;
			shellPath = /bin/sh;
			shellScript = "\"${SRCROOT}/Pods/Target Support Files/Pods/Pods-resources.sh\"\n";
			showEnvVarsInLog = 0;
		};
		DBE8B95E8631A169CAAF490A /* Check Pods Manifest.lock */ = {
			isa = PBXShellScriptBuildPhase;
			buildActionMask = 2147483647;
			files = (
			);
			inputPaths = (
			);
			name = "Check Pods Manifest.lock";
			outputPaths = (
			);
			runOnlyForDeploymentPostprocessing = 0;
			shellPath = /bin/sh;
			shellScript = "diff \"${PODS_ROOT}/../Podfile.lock\" \"${PODS_ROOT}/Manifest.lock\" > /dev/null\nif [[ $? != 0 ]] ; then\n    cat << EOM\nerror: The sandbox is not in sync with the Podfile.lock. Run 'pod install' or update your CocoaPods installation.\nEOM\n    exit 1\nfi\n";
			showEnvVarsInLog = 0;
		};
/* End PBXShellScriptBuildPhase section */

/* Begin PBXSourcesBuildPhase section */
		0994D8081A5BF69B0067D60B /* Sources */ = {
			isa = PBXSourcesBuildPhase;
			buildActionMask = 2147483647;
			files = (
				0994D8141A5BF69B0067D60B /* ViewController.swift in Sources */,
				0994D8121A5BF69B0067D60B /* AppDelegate.swift in Sources */,
			);
			runOnlyForDeploymentPostprocessing = 0;
		};
		0994D81D1A5BF69B0067D60B /* Sources */ = {
			isa = PBXSourcesBuildPhase;
			buildActionMask = 2147483647;
			files = (
				0994D8281A5BF69B0067D60B /* ScrollingBarsExampleTests.swift in Sources */,
			);
			runOnlyForDeploymentPostprocessing = 0;
		};
/* End PBXSourcesBuildPhase section */

/* Begin PBXTargetDependency section */
		0994D8231A5BF69B0067D60B /* PBXTargetDependency */ = {
			isa = PBXTargetDependency;
			target = 0994D80B1A5BF69B0067D60B /* ScrollingBarsExample */;
			targetProxy = 0994D8221A5BF69B0067D60B /* PBXContainerItemProxy */;
		};
/* End PBXTargetDependency section */

/* Begin PBXVariantGroup section */
		0994D8151A5BF69B0067D60B /* Main.storyboard */ = {
			isa = PBXVariantGroup;
			children = (
				0994D8161A5BF69B0067D60B /* Base */,
			);
			name = Main.storyboard;
			sourceTree = "<group>";
		};
		0994D81A1A5BF69B0067D60B /* LaunchScreen.xib */ = {
			isa = PBXVariantGroup;
			children = (
				0994D81B1A5BF69B0067D60B /* Base */,
			);
			name = LaunchScreen.xib;
			sourceTree = "<group>";
		};
/* End PBXVariantGroup section */

/* Begin XCBuildConfiguration section */
		0994D8291A5BF69B0067D60B /* Debug */ = {
			isa = XCBuildConfiguration;
			buildSettings = {
				ALWAYS_SEARCH_USER_PATHS = NO;
				CLANG_CXX_LANGUAGE_STANDARD = "gnu++0x";
				CLANG_CXX_LIBRARY = "libc++";
				CLANG_ENABLE_MODULES = YES;
				CLANG_ENABLE_OBJC_ARC = YES;
				CLANG_WARN_BOOL_CONVERSION = YES;
				CLANG_WARN_CONSTANT_CONVERSION = YES;
				CLANG_WARN_DIRECT_OBJC_ISA_USAGE = YES_ERROR;
				CLANG_WARN_EMPTY_BODY = YES;
				CLANG_WARN_ENUM_CONVERSION = YES;
				CLANG_WARN_INT_CONVERSION = YES;
				CLANG_WARN_OBJC_ROOT_CLASS = YES_ERROR;
				CLANG_WARN_UNREACHABLE_CODE = YES;
				CLANG_WARN__DUPLICATE_METHOD_MATCH = YES;
				"CODE_SIGN_IDENTITY[sdk=iphoneos*]" = "iPhone Developer";
				COPY_PHASE_STRIP = NO;
				ENABLE_STRICT_OBJC_MSGSEND = YES;
				GCC_C_LANGUAGE_STANDARD = gnu99;
				GCC_DYNAMIC_NO_PIC = NO;
				GCC_OPTIMIZATION_LEVEL = 0;
				GCC_PREPROCESSOR_DEFINITIONS = (
					"DEBUG=1",
					"$(inherited)",
				);
				GCC_SYMBOLS_PRIVATE_EXTERN = NO;
				GCC_WARN_64_TO_32_BIT_CONVERSION = YES;
				GCC_WARN_ABOUT_RETURN_TYPE = YES_ERROR;
				GCC_WARN_UNDECLARED_SELECTOR = YES;
				GCC_WARN_UNINITIALIZED_AUTOS = YES_AGGRESSIVE;
				GCC_WARN_UNUSED_FUNCTION = YES;
				GCC_WARN_UNUSED_VARIABLE = YES;
				IPHONEOS_DEPLOYMENT_TARGET = 8.1;
				MTL_ENABLE_DEBUG_INFO = YES;
				ONLY_ACTIVE_ARCH = YES;
				SDKROOT = iphoneos;
				SWIFT_OPTIMIZATION_LEVEL = "-Onone";
				TARGETED_DEVICE_FAMILY = "1,2";
			};
			name = Debug;
		};
		0994D82A1A5BF69B0067D60B /* Release */ = {
			isa = XCBuildConfiguration;
			buildSettings = {
				ALWAYS_SEARCH_USER_PATHS = NO;
				CLANG_CXX_LANGUAGE_STANDARD = "gnu++0x";
				CLANG_CXX_LIBRARY = "libc++";
				CLANG_ENABLE_MODULES = YES;
				CLANG_ENABLE_OBJC_ARC = YES;
				CLANG_WARN_BOOL_CONVERSION = YES;
				CLANG_WARN_CONSTANT_CONVERSION = YES;
				CLANG_WARN_DIRECT_OBJC_ISA_USAGE = YES_ERROR;
				CLANG_WARN_EMPTY_BODY = YES;
				CLANG_WARN_ENUM_CONVERSION = YES;
				CLANG_WARN_INT_CONVERSION = YES;
				CLANG_WARN_OBJC_ROOT_CLASS = YES_ERROR;
				CLANG_WARN_UNREACHABLE_CODE = YES;
				CLANG_WARN__DUPLICATE_METHOD_MATCH = YES;
				"CODE_SIGN_IDENTITY[sdk=iphoneos*]" = "iPhone Developer";
				COPY_PHASE_STRIP = YES;
				ENABLE_NS_ASSERTIONS = NO;
				ENABLE_STRICT_OBJC_MSGSEND = YES;
				GCC_C_LANGUAGE_STANDARD = gnu99;
				GCC_WARN_64_TO_32_BIT_CONVERSION = YES;
				GCC_WARN_ABOUT_RETURN_TYPE = YES_ERROR;
				GCC_WARN_UNDECLARED_SELECTOR = YES;
				GCC_WARN_UNINITIALIZED_AUTOS = YES_AGGRESSIVE;
				GCC_WARN_UNUSED_FUNCTION = YES;
				GCC_WARN_UNUSED_VARIABLE = YES;
				IPHONEOS_DEPLOYMENT_TARGET = 8.1;
				MTL_ENABLE_DEBUG_INFO = NO;
				SDKROOT = iphoneos;
				TARGETED_DEVICE_FAMILY = "1,2";
				VALIDATE_PRODUCT = YES;
			};
			name = Release;
		};
		0994D82C1A5BF69B0067D60B /* Debug */ = {
			isa = XCBuildConfiguration;
			baseConfigurationReference = C4EA102652EB2747567CA7F7 /* Pods.debug.xcconfig */;
			buildSettings = {
				ASSETCATALOG_COMPILER_APPICON_NAME = AppIcon;
				INFOPLIST_FILE = ScrollingBarsExample/Info.plist;
				LD_RUNPATH_SEARCH_PATHS = "$(inherited) @executable_path/Frameworks";
				PRODUCT_NAME = "$(TARGET_NAME)";
			};
			name = Debug;
		};
		0994D82D1A5BF69B0067D60B /* Release */ = {
			isa = XCBuildConfiguration;
			baseConfigurationReference = 94E506A9128049249B570F15 /* Pods.release.xcconfig */;
			buildSettings = {
				ASSETCATALOG_COMPILER_APPICON_NAME = AppIcon;
				INFOPLIST_FILE = ScrollingBarsExample/Info.plist;
				LD_RUNPATH_SEARCH_PATHS = "$(inherited) @executable_path/Frameworks";
				PRODUCT_NAME = "$(TARGET_NAME)";
			};
			name = Release;
		};
		0994D82F1A5BF69B0067D60B /* Debug */ = {
			isa = XCBuildConfiguration;
			buildSettings = {
				BUNDLE_LOADER = "$(TEST_HOST)";
				FRAMEWORK_SEARCH_PATHS = (
					"$(SDKROOT)/Developer/Library/Frameworks",
					"$(inherited)",
				);
				GCC_PREPROCESSOR_DEFINITIONS = (
					"DEBUG=1",
					"$(inherited)",
				);
				INFOPLIST_FILE = ScrollingBarsExampleTests/Info.plist;
				LD_RUNPATH_SEARCH_PATHS = "$(inherited) @executable_path/Frameworks @loader_path/Frameworks";
				PRODUCT_NAME = "$(TARGET_NAME)";
				TEST_HOST = "$(BUILT_PRODUCTS_DIR)/ScrollingBarsExample.app/ScrollingBarsExample";
			};
			name = Debug;
		};
		0994D8301A5BF69B0067D60B /* Release */ = {
			isa = XCBuildConfiguration;
			buildSettings = {
				BUNDLE_LOADER = "$(TEST_HOST)";
				FRAMEWORK_SEARCH_PATHS = (
					"$(SDKROOT)/Developer/Library/Frameworks",
					"$(inherited)",
				);
				INFOPLIST_FILE = ScrollingBarsExampleTests/Info.plist;
				LD_RUNPATH_SEARCH_PATHS = "$(inherited) @executable_path/Frameworks @loader_path/Frameworks";
				PRODUCT_NAME = "$(TARGET_NAME)";
				TEST_HOST = "$(BUILT_PRODUCTS_DIR)/ScrollingBarsExample.app/ScrollingBarsExample";
			};
			name = Release;
		};
/* End XCBuildConfiguration section */

/* Begin XCConfigurationList section */
		0994D8071A5BF69B0067D60B /* Build configuration list for PBXProject "ScrollingBarsExample" */ = {
			isa = XCConfigurationList;
			buildConfigurations = (
				0994D8291A5BF69B0067D60B /* Debug */,
				0994D82A1A5BF69B0067D60B /* Release */,
			);
			defaultConfigurationIsVisible = 0;
			defaultConfigurationName = Release;
		};
		0994D82B1A5BF69B0067D60B /* Build configuration list for PBXNativeTarget "ScrollingBarsExample" */ = {
			isa = XCConfigurationList;
			buildConfigurations = (
				0994D82C1A5BF69B0067D60B /* Debug */,
				0994D82D1A5BF69B0067D60B /* Release */,
			);
			defaultConfigurationIsVisible = 0;
			defaultConfigurationName = Release;
		};
		0994D82E1A5BF69B0067D60B /* Build configuration list for PBXNativeTarget "ScrollingBarsExampleTests" */ = {
			isa = XCConfigurationList;
			buildConfigurations = (
				0994D82F1A5BF69B0067D60B /* Debug */,
				0994D8301A5BF69B0067D60B /* Release */,
			);
			defaultConfigurationIsVisible = 0;
			defaultConfigurationName = Release;
		};
/* End XCConfigurationList section */
	};
	rootObject = 0994D8041A5BF69B0067D60B /* Project object */;
}
